
Microsoft Visual Studio Solution File, Format Version 12.00
# Visual Studio Version 17
VisualStudioVersion = 17.5.33424.131
MinimumVisualStudioVersion = 10.0.40219.1
Project("{9A19103F-16F7-4668-BE54-9A1E7A4F7556}") = "LambdaGetCustomerAccountStatement", "LambdaGetCustomerAccountStatement\LambdaGetCustomerAccountStatement.csproj", "{3E3D6BAC-4F43-48FF-8CFB-6C36050B4C64}"
EndProject
Project("{9A19103F-16F7-4668-BE54-9A1E7A4F7556}") = "LambdaGetCustomerAccountStatement.Tests", "LambdaGetCustomerAccountStatement.Tests\LambdaGetCustomerAccountStatement.Tests.csproj", "{44E2C6AF-AD32-4A9E-BEC2-1A1257E1BFD3}"
EndProject
Global
	GlobalSection(SolutionConfigurationPlatforms) = preSolution
		Debug|Any CPU = Debug|Any CPU
		Release|Any CPU = Release|Any CPU
	EndGlobalSection
	GlobalSection(ProjectConfigurationPlatforms) = postSolution
		{3E3D6BAC-4F43-48FF-8CFB-6C36050B4C64}.Debug|Any CPU.ActiveCfg = Debug|Any CPU
		{3E3D6BAC-4F43-48FF-8CFB-6C36050B4C64}.Debug|Any CPU.Build.0 = Debug|Any CPU
		{3E3D6BAC-4F43-48FF-8CFB-6C36050B4C64}.Release|Any CPU.ActiveCfg = Release|Any CPU
		{3E3D6BAC-4F43-48FF-8CFB-6C36050B4C64}.Release|Any CPU.Build.0 = Release|Any CPU
		{44E2C6AF-AD32-4A9E-BEC2-1A1257E1BFD3}.Debug|Any CPU.ActiveCfg = Debug|Any CPU
		{44E2C6AF-AD32-4A9E-BEC2-1A1257E1BFD3}.Debug|Any CPU.Build.0 = Debug|Any CPU
		{44E2C6AF-AD32-4A9E-BEC2-1A1257E1BFD3}.Release|Any CPU.ActiveCfg = Release|Any CPU
		{44E2C6AF-AD32-4A9E-BEC2-1A1257E1BFD3}.Release|Any CPU.Build.0 = Release|Any CPU
	EndGlobalSection
	GlobalSection(SolutionProperties) = preSolution
		HideSolutionNode = FALSE
	EndGlobalSection
	GlobalSection(ExtensibilityGlobals) = postSolution
		SolutionGuid = {5E81DF19-0D21-4D87-8FA7-831E254F0DCB}
	EndGlobalSection
EndGlobal
